
Microsoft Visual Studio Solution File, Format Version 12.00
# Visual Studio 2013
VisualStudioVersion = 12.0.30723.0
MinimumVisualStudioVersion = 10.0.40219.1
Project("{FAE04EC0-301F-11D3-BF4B-00C04F79EFBC}") = "1.WebForms", "1.WebForms\1.WebForms.csproj", "{F102AB58-BEEE-49F9-8924-EE08989E1825}"
EndProject
Project("{FAE04EC0-301F-11D3-BF4B-00C04F79EFBC}") = "2.MVC", "2.MVC\2.MVC.csproj", "{DA4A8CED-4A43-4A69-9922-25E15D620E55}"
EndProject
Global
	GlobalSection(SolutionConfigurationPlatforms) = preSolution
		Debug|Any CPU = Debug|Any CPU
		Release|Any CPU = Release|Any CPU
	EndGlobalSection
	GlobalSection(ProjectConfigurationPlatforms) = postSolution
		{F102AB58-BEEE-49F9-8924-EE08989E1825}.Debug|Any CPU.ActiveCfg = Debug|Any CPU
		{F102AB58-BEEE-49F9-8924-EE08989E1825}.Debug|Any CPU.Build.0 = Debug|Any CPU
		{F102AB58-BEEE-49F9-8924-EE08989E1825}.Release|Any CPU.ActiveCfg = Release|Any CPU
		{F102AB58-BEEE-49F9-8924-EE08989E1825}.Release|Any CPU.Build.0 = Release|Any CPU
		{DA4A8CED-4A43-4A69-9922-25E15D620E55}.Debug|Any CPU.ActiveCfg = Debug|Any CPU
		{DA4A8CED-4A43-4A69-9922-25E15D620E55}.Debug|Any CPU.Build.0 = Debug|Any CPU
		{DA4A8CED-4A43-4A69-9922-25E15D620E55}.Release|Any CPU.ActiveCfg = Release|Any CPU
		{DA4A8CED-4A43-4A69-9922-25E15D620E55}.Release|Any CPU.Build.0 = Release|Any CPU
	EndGlobalSection
	GlobalSection(SolutionProperties) = preSolution
		HideSolutionNode = FALSE
	EndGlobalSection
EndGlobal
