
Microsoft Visual Studio Solution File, Format Version 12.00
# Visual Studio 2013
VisualStudioVersion = 12.0.21005.1
MinimumVisualStudioVersion = 10.0.40219.1
Project("{FAE04EC0-301F-11D3-BF4B-00C04F79EFBC}") = "zad1", "zad1\zad1.csproj", "{5C5B1AF4-D1E1-4B58-85A6-0CE4DA942FBA}"
EndProject
Project("{FAE04EC0-301F-11D3-BF4B-00C04F79EFBC}") = "zad2", "zad2\zad2.csproj", "{E2F2E929-B465-4B5E-B3B4-75777EC7D826}"
EndProject
Project("{FAE04EC0-301F-11D3-BF4B-00C04F79EFBC}") = "zad3", "zad3\zad3.csproj", "{AB40742A-B95A-47E6-9813-2F95452BE131}"
EndProject
Project("{FAE04EC0-301F-11D3-BF4B-00C04F79EFBC}") = "zad4", "zad4\zad4.csproj", "{83310F0B-1198-4ECB-9633-5F7874164DD7}"
EndProject
Project("{FAE04EC0-301F-11D3-BF4B-00C04F79EFBC}") = "zad5", "zad5\zad5.csproj", "{6ECC0ADE-BBA4-499D-802D-CC9D2A33BEAE}"
EndProject
Global
	GlobalSection(SolutionConfigurationPlatforms) = preSolution
		Debug|Any CPU = Debug|Any CPU
		Release|Any CPU = Release|Any CPU
	EndGlobalSection
	GlobalSection(ProjectConfigurationPlatforms) = postSolution
		{5C5B1AF4-D1E1-4B58-85A6-0CE4DA942FBA}.Debug|Any CPU.ActiveCfg = Debug|Any CPU
		{5C5B1AF4-D1E1-4B58-85A6-0CE4DA942FBA}.Debug|Any CPU.Build.0 = Debug|Any CPU
		{5C5B1AF4-D1E1-4B58-85A6-0CE4DA942FBA}.Release|Any CPU.ActiveCfg = Release|Any CPU
		{5C5B1AF4-D1E1-4B58-85A6-0CE4DA942FBA}.Release|Any CPU.Build.0 = Release|Any CPU
		{E2F2E929-B465-4B5E-B3B4-75777EC7D826}.Debug|Any CPU.ActiveCfg = Debug|Any CPU
		{E2F2E929-B465-4B5E-B3B4-75777EC7D826}.Debug|Any CPU.Build.0 = Debug|Any CPU
		{E2F2E929-B465-4B5E-B3B4-75777EC7D826}.Release|Any CPU.ActiveCfg = Release|Any CPU
		{E2F2E929-B465-4B5E-B3B4-75777EC7D826}.Release|Any CPU.Build.0 = Release|Any CPU
		{AB40742A-B95A-47E6-9813-2F95452BE131}.Debug|Any CPU.ActiveCfg = Debug|Any CPU
		{AB40742A-B95A-47E6-9813-2F95452BE131}.Debug|Any CPU.Build.0 = Debug|Any CPU
		{AB40742A-B95A-47E6-9813-2F95452BE131}.Release|Any CPU.ActiveCfg = Release|Any CPU
		{AB40742A-B95A-47E6-9813-2F95452BE131}.Release|Any CPU.Build.0 = Release|Any CPU
		{83310F0B-1198-4ECB-9633-5F7874164DD7}.Debug|Any CPU.ActiveCfg = Debug|Any CPU
		{83310F0B-1198-4ECB-9633-5F7874164DD7}.Debug|Any CPU.Build.0 = Debug|Any CPU
		{83310F0B-1198-4ECB-9633-5F7874164DD7}.Release|Any CPU.ActiveCfg = Release|Any CPU
		{83310F0B-1198-4ECB-9633-5F7874164DD7}.Release|Any CPU.Build.0 = Release|Any CPU
		{6ECC0ADE-BBA4-499D-802D-CC9D2A33BEAE}.Debug|Any CPU.ActiveCfg = Debug|Any CPU
		{6ECC0ADE-BBA4-499D-802D-CC9D2A33BEAE}.Debug|Any CPU.Build.0 = Debug|Any CPU
		{6ECC0ADE-BBA4-499D-802D-CC9D2A33BEAE}.Release|Any CPU.ActiveCfg = Release|Any CPU
		{6ECC0ADE-BBA4-499D-802D-CC9D2A33BEAE}.Release|Any CPU.Build.0 = Release|Any CPU
	EndGlobalSection
	GlobalSection(SolutionProperties) = preSolution
		HideSolutionNode = FALSE
	EndGlobalSection
EndGlobal
