
Microsoft Visual Studio Solution File, Format Version 12.00
# Visual Studio 2013
VisualStudioVersion = 12.0.30723.0
MinimumVisualStudioVersion = 10.0.40219.1
Project("{FAE04EC0-301F-11D3-BF4B-00C04F79EFBC}") = "Articles.Services", "Articles.Services\Articles.Services.csproj", "{12F6D20C-5E05-4D5B-B221-A8C318D61AB0}"
EndProject
Project("{FAE04EC0-301F-11D3-BF4B-00C04F79EFBC}") = "Articles.Data", "Articles.Data\Articles.Data.csproj", "{0A35AB87-78F5-4F70-9CE3-F909A87AE483}"
EndProject
Project("{FAE04EC0-301F-11D3-BF4B-00C04F79EFBC}") = "Articles.Models", "Articles.Models\Articles.Models.csproj", "{29130624-767C-46A5-B657-A062472B1A4D}"
EndProject
Project("{FAE04EC0-301F-11D3-BF4B-00C04F79EFBC}") = "Articles.AlertsService", "Articles.AlertsService\Articles.AlertsService.csproj", "{05563953-1A7B-4779-947D-2E0075884BF0}"
EndProject
Global
	GlobalSection(SolutionConfigurationPlatforms) = preSolution
		Debug|Any CPU = Debug|Any CPU
		Release|Any CPU = Release|Any CPU
	EndGlobalSection
	GlobalSection(ProjectConfigurationPlatforms) = postSolution
		{12F6D20C-5E05-4D5B-B221-A8C318D61AB0}.Debug|Any CPU.ActiveCfg = Debug|Any CPU
		{12F6D20C-5E05-4D5B-B221-A8C318D61AB0}.Debug|Any CPU.Build.0 = Debug|Any CPU
		{12F6D20C-5E05-4D5B-B221-A8C318D61AB0}.Release|Any CPU.ActiveCfg = Release|Any CPU
		{12F6D20C-5E05-4D5B-B221-A8C318D61AB0}.Release|Any CPU.Build.0 = Release|Any CPU
		{0A35AB87-78F5-4F70-9CE3-F909A87AE483}.Debug|Any CPU.ActiveCfg = Debug|Any CPU
		{0A35AB87-78F5-4F70-9CE3-F909A87AE483}.Debug|Any CPU.Build.0 = Debug|Any CPU
		{0A35AB87-78F5-4F70-9CE3-F909A87AE483}.Release|Any CPU.ActiveCfg = Release|Any CPU
		{0A35AB87-78F5-4F70-9CE3-F909A87AE483}.Release|Any CPU.Build.0 = Release|Any CPU
		{29130624-767C-46A5-B657-A062472B1A4D}.Debug|Any CPU.ActiveCfg = Debug|Any CPU
		{29130624-767C-46A5-B657-A062472B1A4D}.Debug|Any CPU.Build.0 = Debug|Any CPU
		{29130624-767C-46A5-B657-A062472B1A4D}.Release|Any CPU.ActiveCfg = Release|Any CPU
		{29130624-767C-46A5-B657-A062472B1A4D}.Release|Any CPU.Build.0 = Release|Any CPU
		{05563953-1A7B-4779-947D-2E0075884BF0}.Debug|Any CPU.ActiveCfg = Debug|Any CPU
		{05563953-1A7B-4779-947D-2E0075884BF0}.Debug|Any CPU.Build.0 = Debug|Any CPU
		{05563953-1A7B-4779-947D-2E0075884BF0}.Release|Any CPU.ActiveCfg = Release|Any CPU
		{05563953-1A7B-4779-947D-2E0075884BF0}.Release|Any CPU.Build.0 = Release|Any CPU
	EndGlobalSection
	GlobalSection(SolutionProperties) = preSolution
		HideSolutionNode = FALSE
	EndGlobalSection
EndGlobal
