
Microsoft Visual Studio Solution File, Format Version 12.00
# Visual Studio 2013
VisualStudioVersion = 12.0.30723.0
MinimumVisualStudioVersion = 10.0.40219.1
Project("{FAE04EC0-301F-11D3-BF4B-00C04F79EFBC}") = "1.Random-Generator-HTML", "1.Random-Generator-HTML\1.Random-Generator-HTML.csproj", "{FEDDFF11-671C-4632-B051-2EFDA1902ABC}"
EndProject
Project("{FAE04EC0-301F-11D3-BF4B-00C04F79EFBC}") = "2.Random-Generator-Web", "2.Random-Generator-Web\2.Random-Generator-Web.csproj", "{6EEF2015-29B1-456B-8CD6-52DBBA9EEF4C}"
EndProject
Project("{FAE04EC0-301F-11D3-BF4B-00C04F79EFBC}") = "3.HTML-Escaping", "3.HTML-Escaping\3.HTML-Escaping.csproj", "{3A05189E-0B4B-4E12-AF57-B4DA9A4A78C0}"
EndProject
Project("{FAE04EC0-301F-11D3-BF4B-00C04F79EFBC}") = "4.Students", "4.Students\4.Students.csproj", "{8875CD66-BBDC-4BC7-95C7-C37BFB0449F2}"
EndProject
Project("{FAE04EC0-301F-11D3-BF4B-00C04F79EFBC}") = "6.Calculator", "6.Calculator\6.Calculator.csproj", "{AF0CA9AA-3166-4802-AB4A-71CFE6AB4979}"
EndProject
Global
	GlobalSection(SolutionConfigurationPlatforms) = preSolution
		Debug|Any CPU = Debug|Any CPU
		Release|Any CPU = Release|Any CPU
	EndGlobalSection
	GlobalSection(ProjectConfigurationPlatforms) = postSolution
		{FEDDFF11-671C-4632-B051-2EFDA1902ABC}.Debug|Any CPU.ActiveCfg = Debug|Any CPU
		{FEDDFF11-671C-4632-B051-2EFDA1902ABC}.Debug|Any CPU.Build.0 = Debug|Any CPU
		{FEDDFF11-671C-4632-B051-2EFDA1902ABC}.Release|Any CPU.ActiveCfg = Release|Any CPU
		{FEDDFF11-671C-4632-B051-2EFDA1902ABC}.Release|Any CPU.Build.0 = Release|Any CPU
		{6EEF2015-29B1-456B-8CD6-52DBBA9EEF4C}.Debug|Any CPU.ActiveCfg = Debug|Any CPU
		{6EEF2015-29B1-456B-8CD6-52DBBA9EEF4C}.Debug|Any CPU.Build.0 = Debug|Any CPU
		{6EEF2015-29B1-456B-8CD6-52DBBA9EEF4C}.Release|Any CPU.ActiveCfg = Release|Any CPU
		{6EEF2015-29B1-456B-8CD6-52DBBA9EEF4C}.Release|Any CPU.Build.0 = Release|Any CPU
		{3A05189E-0B4B-4E12-AF57-B4DA9A4A78C0}.Debug|Any CPU.ActiveCfg = Debug|Any CPU
		{3A05189E-0B4B-4E12-AF57-B4DA9A4A78C0}.Debug|Any CPU.Build.0 = Debug|Any CPU
		{3A05189E-0B4B-4E12-AF57-B4DA9A4A78C0}.Release|Any CPU.ActiveCfg = Release|Any CPU
		{3A05189E-0B4B-4E12-AF57-B4DA9A4A78C0}.Release|Any CPU.Build.0 = Release|Any CPU
		{8875CD66-BBDC-4BC7-95C7-C37BFB0449F2}.Debug|Any CPU.ActiveCfg = Debug|Any CPU
		{8875CD66-BBDC-4BC7-95C7-C37BFB0449F2}.Debug|Any CPU.Build.0 = Debug|Any CPU
		{8875CD66-BBDC-4BC7-95C7-C37BFB0449F2}.Release|Any CPU.ActiveCfg = Release|Any CPU
		{8875CD66-BBDC-4BC7-95C7-C37BFB0449F2}.Release|Any CPU.Build.0 = Release|Any CPU
		{AF0CA9AA-3166-4802-AB4A-71CFE6AB4979}.Debug|Any CPU.ActiveCfg = Debug|Any CPU
		{AF0CA9AA-3166-4802-AB4A-71CFE6AB4979}.Debug|Any CPU.Build.0 = Debug|Any CPU
		{AF0CA9AA-3166-4802-AB4A-71CFE6AB4979}.Release|Any CPU.ActiveCfg = Release|Any CPU
		{AF0CA9AA-3166-4802-AB4A-71CFE6AB4979}.Release|Any CPU.Build.0 = Release|Any CPU
	EndGlobalSection
	GlobalSection(SolutionProperties) = preSolution
		HideSolutionNode = FALSE
	EndGlobalSection
EndGlobal
