
Microsoft Visual Studio Solution File, Format Version 12.00
# Visual Studio 2013
VisualStudioVersion = 12.0.30723.0
MinimumVisualStudioVersion = 10.0.40219.1
Project("{FAE04EC0-301F-11D3-BF4B-00C04F79EFBC}") = "01.Knapsack", "01.Knapsack\01.Knapsack.csproj", "{C86B47B9-40E4-4D13-9111-980C79E58083}"
EndProject
Project("{FAE04EC0-301F-11D3-BF4B-00C04F79EFBC}") = "02.MinimumEditDistance", "02.MinimumEditDistance\02.MinimumEditDistance.csproj", "{F93E4E27-7484-433A-A596-CFC9F354A2B1}"
EndProject
Global
	GlobalSection(SolutionConfigurationPlatforms) = preSolution
		Debug|Any CPU = Debug|Any CPU
		Release|Any CPU = Release|Any CPU
	EndGlobalSection
	GlobalSection(ProjectConfigurationPlatforms) = postSolution
		{C86B47B9-40E4-4D13-9111-980C79E58083}.Debug|Any CPU.ActiveCfg = Debug|Any CPU
		{C86B47B9-40E4-4D13-9111-980C79E58083}.Debug|Any CPU.Build.0 = Debug|Any CPU
		{C86B47B9-40E4-4D13-9111-980C79E58083}.Release|Any CPU.ActiveCfg = Release|Any CPU
		{C86B47B9-40E4-4D13-9111-980C79E58083}.Release|Any CPU.Build.0 = Release|Any CPU
		{F93E4E27-7484-433A-A596-CFC9F354A2B1}.Debug|Any CPU.ActiveCfg = Debug|Any CPU
		{F93E4E27-7484-433A-A596-CFC9F354A2B1}.Debug|Any CPU.Build.0 = Debug|Any CPU
		{F93E4E27-7484-433A-A596-CFC9F354A2B1}.Release|Any CPU.ActiveCfg = Release|Any CPU
		{F93E4E27-7484-433A-A596-CFC9F354A2B1}.Release|Any CPU.Build.0 = Release|Any CPU
	EndGlobalSection
	GlobalSection(SolutionProperties) = preSolution
		HideSolutionNode = FALSE
	EndGlobalSection
EndGlobal
