
Microsoft Visual Studio Solution File, Format Version 12.00
# Visual Studio 2013
VisualStudioVersion = 12.0.30723.0
MinimumVisualStudioVersion = 10.0.40219.1
Project("{FAE04EC0-301F-11D3-BF4B-00C04F79EFBC}") = "WebForms", "WebForms\WebForms.csproj", "{E95ABA40-DD88-476B-8997-98B461DFA95E}"
EndProject
Project("{FAE04EC0-301F-11D3-BF4B-00C04F79EFBC}") = "MVC", "MVC\MVC.csproj", "{1C0EB792-67EF-4099-A90F-11210B2C55E7}"
EndProject
Project("{FAE04EC0-301F-11D3-BF4B-00C04F79EFBC}") = "WebAPI", "WebAPI\WebAPI.csproj", "{CE50B0C5-B85C-4A7E-9F48-2A09ABF0F6CD}"
EndProject
Project("{FAE04EC0-301F-11D3-BF4B-00C04F79EFBC}") = "SPA", "SPA\SPA.csproj", "{4356601C-D6E5-491B-9EA4-A9E25125DBF4}"
EndProject
Global
	GlobalSection(SolutionConfigurationPlatforms) = preSolution
		Debug|Any CPU = Debug|Any CPU
		Release|Any CPU = Release|Any CPU
	EndGlobalSection
	GlobalSection(ProjectConfigurationPlatforms) = postSolution
		{E95ABA40-DD88-476B-8997-98B461DFA95E}.Debug|Any CPU.ActiveCfg = Debug|Any CPU
		{E95ABA40-DD88-476B-8997-98B461DFA95E}.Debug|Any CPU.Build.0 = Debug|Any CPU
		{E95ABA40-DD88-476B-8997-98B461DFA95E}.Release|Any CPU.ActiveCfg = Release|Any CPU
		{E95ABA40-DD88-476B-8997-98B461DFA95E}.Release|Any CPU.Build.0 = Release|Any CPU
		{1C0EB792-67EF-4099-A90F-11210B2C55E7}.Debug|Any CPU.ActiveCfg = Debug|Any CPU
		{1C0EB792-67EF-4099-A90F-11210B2C55E7}.Debug|Any CPU.Build.0 = Debug|Any CPU
		{1C0EB792-67EF-4099-A90F-11210B2C55E7}.Release|Any CPU.ActiveCfg = Release|Any CPU
		{1C0EB792-67EF-4099-A90F-11210B2C55E7}.Release|Any CPU.Build.0 = Release|Any CPU
		{CE50B0C5-B85C-4A7E-9F48-2A09ABF0F6CD}.Debug|Any CPU.ActiveCfg = Debug|Any CPU
		{CE50B0C5-B85C-4A7E-9F48-2A09ABF0F6CD}.Debug|Any CPU.Build.0 = Debug|Any CPU
		{CE50B0C5-B85C-4A7E-9F48-2A09ABF0F6CD}.Release|Any CPU.ActiveCfg = Release|Any CPU
		{CE50B0C5-B85C-4A7E-9F48-2A09ABF0F6CD}.Release|Any CPU.Build.0 = Release|Any CPU
		{4356601C-D6E5-491B-9EA4-A9E25125DBF4}.Debug|Any CPU.ActiveCfg = Debug|Any CPU
		{4356601C-D6E5-491B-9EA4-A9E25125DBF4}.Debug|Any CPU.Build.0 = Debug|Any CPU
		{4356601C-D6E5-491B-9EA4-A9E25125DBF4}.Release|Any CPU.ActiveCfg = Release|Any CPU
		{4356601C-D6E5-491B-9EA4-A9E25125DBF4}.Release|Any CPU.Build.0 = Release|Any CPU
	EndGlobalSection
	GlobalSection(SolutionProperties) = preSolution
		HideSolutionNode = FALSE
	EndGlobalSection
EndGlobal
