
Microsoft Visual Studio Solution File, Format Version 12.00
# Visual Studio 2013
VisualStudioVersion = 12.0.30110.0
MinimumVisualStudioVersion = 10.0.40219.1
Project("{FAE04EC0-301F-11D3-BF4B-00C04F79EFBC}") = "Shapes", "Shapes\Shapes.csproj", "{0F606103-B1C8-4216-9D63-5692EDC73CF0}"
EndProject
Project("{FAE04EC0-301F-11D3-BF4B-00C04F79EFBC}") = "Bank", "Bank\Bank.csproj", "{870A87A5-50B1-4E69-9F17-C2948E5EFE48}"
EndProject
Project("{FAE04EC0-301F-11D3-BF4B-00C04F79EFBC}") = "Exceptions", "Exceptions\Exceptions.csproj", "{A3FF46E6-1F7D-4C3E-9EC4-738A837AAB3D}"
EndProject
Global
	GlobalSection(SolutionConfigurationPlatforms) = preSolution
		Debug|Any CPU = Debug|Any CPU
		Release|Any CPU = Release|Any CPU
	EndGlobalSection
	GlobalSection(ProjectConfigurationPlatforms) = postSolution
		{0F606103-B1C8-4216-9D63-5692EDC73CF0}.Debug|Any CPU.ActiveCfg = Debug|Any CPU
		{0F606103-B1C8-4216-9D63-5692EDC73CF0}.Debug|Any CPU.Build.0 = Debug|Any CPU
		{0F606103-B1C8-4216-9D63-5692EDC73CF0}.Release|Any CPU.ActiveCfg = Release|Any CPU
		{0F606103-B1C8-4216-9D63-5692EDC73CF0}.Release|Any CPU.Build.0 = Release|Any CPU
		{870A87A5-50B1-4E69-9F17-C2948E5EFE48}.Debug|Any CPU.ActiveCfg = Debug|Any CPU
		{870A87A5-50B1-4E69-9F17-C2948E5EFE48}.Debug|Any CPU.Build.0 = Debug|Any CPU
		{870A87A5-50B1-4E69-9F17-C2948E5EFE48}.Release|Any CPU.ActiveCfg = Release|Any CPU
		{870A87A5-50B1-4E69-9F17-C2948E5EFE48}.Release|Any CPU.Build.0 = Release|Any CPU
		{A3FF46E6-1F7D-4C3E-9EC4-738A837AAB3D}.Debug|Any CPU.ActiveCfg = Debug|Any CPU
		{A3FF46E6-1F7D-4C3E-9EC4-738A837AAB3D}.Debug|Any CPU.Build.0 = Debug|Any CPU
		{A3FF46E6-1F7D-4C3E-9EC4-738A837AAB3D}.Release|Any CPU.ActiveCfg = Release|Any CPU
		{A3FF46E6-1F7D-4C3E-9EC4-738A837AAB3D}.Release|Any CPU.Build.0 = Release|Any CPU
	EndGlobalSection
	GlobalSection(SolutionProperties) = preSolution
		HideSolutionNode = FALSE
	EndGlobalSection
EndGlobal
