
Microsoft Visual Studio Solution File, Format Version 12.00
# Visual Studio 2013
VisualStudioVersion = 12.0.30723.0
MinimumVisualStudioVersion = 10.0.40219.1
Project("{FAE04EC0-301F-11D3-BF4B-00C04F79EFBC}") = "NorthWindTasks", "NorthWindTasks\NorthWindTasks.csproj", "{03D510A2-F1C5-481F-A69B-941FBAE1D6DB}"
EndProject
Project("{FAE04EC0-301F-11D3-BF4B-00C04F79EFBC}") = "Users", "Users\Users.csproj", "{32C85175-4F59-4AC5-A62D-E73179FBEAF5}"
EndProject
Global
	GlobalSection(SolutionConfigurationPlatforms) = preSolution
		Debug|Any CPU = Debug|Any CPU
		Release|Any CPU = Release|Any CPU
	EndGlobalSection
	GlobalSection(ProjectConfigurationPlatforms) = postSolution
		{03D510A2-F1C5-481F-A69B-941FBAE1D6DB}.Debug|Any CPU.ActiveCfg = Debug|Any CPU
		{03D510A2-F1C5-481F-A69B-941FBAE1D6DB}.Debug|Any CPU.Build.0 = Debug|Any CPU
		{03D510A2-F1C5-481F-A69B-941FBAE1D6DB}.Release|Any CPU.ActiveCfg = Release|Any CPU
		{03D510A2-F1C5-481F-A69B-941FBAE1D6DB}.Release|Any CPU.Build.0 = Release|Any CPU
		{32C85175-4F59-4AC5-A62D-E73179FBEAF5}.Debug|Any CPU.ActiveCfg = Debug|Any CPU
		{32C85175-4F59-4AC5-A62D-E73179FBEAF5}.Debug|Any CPU.Build.0 = Debug|Any CPU
		{32C85175-4F59-4AC5-A62D-E73179FBEAF5}.Release|Any CPU.ActiveCfg = Release|Any CPU
		{32C85175-4F59-4AC5-A62D-E73179FBEAF5}.Release|Any CPU.Build.0 = Release|Any CPU
	EndGlobalSection
	GlobalSection(SolutionProperties) = preSolution
		HideSolutionNode = FALSE
	EndGlobalSection
EndGlobal
